
Microsoft Visual Studio Solution File, Format Version 12.00
# Visual Studio Version 17
VisualStudioVersion = 17.6.33723.286
MinimumVisualStudioVersion = 10.0.40219.1
Project("{FAE04EC0-301F-11D3-BF4B-00C04F79EFBC}") = "LessonMonitorStart", "LessonMonitorStart\LessonMonitorStart.csproj", "{EBFFD52D-B094-4088-9CC4-30B9F64298A3}"
EndProject
Project("{FAE04EC0-301F-11D3-BF4B-00C04F79EFBC}") = "LessonMonitor.API", "LessonMonitor.API\LessonMonitor.API.csproj", "{5EAE1D27-3F0A-4A9F-88CA-6E605979EDAA}"
EndProject
Global
	GlobalSection(SolutionConfigurationPlatforms) = preSolution
		Debug|Any CPU = Debug|Any CPU
		Release|Any CPU = Release|Any CPU
	EndGlobalSection
	GlobalSection(ProjectConfigurationPlatforms) = postSolution
		{EBFFD52D-B094-4088-9CC4-30B9F64298A3}.Debug|Any CPU.ActiveCfg = Debug|Any CPU
		{EBFFD52D-B094-4088-9CC4-30B9F64298A3}.Debug|Any CPU.Build.0 = Debug|Any CPU
		{EBFFD52D-B094-4088-9CC4-30B9F64298A3}.Release|Any CPU.ActiveCfg = Release|Any CPU
		{EBFFD52D-B094-4088-9CC4-30B9F64298A3}.Release|Any CPU.Build.0 = Release|Any CPU
		{5EAE1D27-3F0A-4A9F-88CA-6E605979EDAA}.Debug|Any CPU.ActiveCfg = Debug|Any CPU
		{5EAE1D27-3F0A-4A9F-88CA-6E605979EDAA}.Debug|Any CPU.Build.0 = Debug|Any CPU
		{5EAE1D27-3F0A-4A9F-88CA-6E605979EDAA}.Release|Any CPU.ActiveCfg = Release|Any CPU
		{5EAE1D27-3F0A-4A9F-88CA-6E605979EDAA}.Release|Any CPU.Build.0 = Release|Any CPU
	EndGlobalSection
	GlobalSection(SolutionProperties) = preSolution
		HideSolutionNode = FALSE
	EndGlobalSection
	GlobalSection(ExtensibilityGlobals) = postSolution
		SolutionGuid = {EF36ADD5-768D-44C4-AA74-90FC0BB7455A}
	EndGlobalSection
EndGlobal
